
Microsoft Visual Studio Solution File, Format Version 12.00
# Visual Studio Version 17
VisualStudioVersion = 17.0.31423.177
MinimumVisualStudioVersion = 10.0.40219.1
Project("{9A19103F-16F7-4668-BE54-9A1E7A4F7556}") = "Calulator", "Calulator\Calulator.csproj", "{5AC8E907-18AE-4148-887A-56067008652B}"
EndProject
Project("{2150E333-8FDC-42A3-9474-1A3956D46DE8}") = "How it works", "How it works", "{A1833FB4-DCC7-49F9-ABAE-59862DB9A661}"
	ProjectSection(SolutionItems) = preProject
		Calculator.md = Calculator.md
	EndProjectSection
EndProject
Project("{FAE04EC0-301F-11D3-BF4B-00C04F79EFBC}") = "VideoPlayer", "VideoPlayer\VideoPlayer.csproj", "{C29A491D-ED25-4A82-858E-99DC89F748E7}"
EndProject
Global
	GlobalSection(SolutionConfigurationPlatforms) = preSolution
		Debug|Any CPU = Debug|Any CPU
		Release|Any CPU = Release|Any CPU
	EndGlobalSection
	GlobalSection(ProjectConfigurationPlatforms) = postSolution
		{5AC8E907-18AE-4148-887A-56067008652B}.Debug|Any CPU.ActiveCfg = Debug|Any CPU
		{5AC8E907-18AE-4148-887A-56067008652B}.Debug|Any CPU.Build.0 = Debug|Any CPU
		{5AC8E907-18AE-4148-887A-56067008652B}.Release|Any CPU.ActiveCfg = Release|Any CPU
		{5AC8E907-18AE-4148-887A-56067008652B}.Release|Any CPU.Build.0 = Release|Any CPU
		{C29A491D-ED25-4A82-858E-99DC89F748E7}.Debug|Any CPU.ActiveCfg = Debug|Any CPU
		{C29A491D-ED25-4A82-858E-99DC89F748E7}.Debug|Any CPU.Build.0 = Debug|Any CPU
		{C29A491D-ED25-4A82-858E-99DC89F748E7}.Release|Any CPU.ActiveCfg = Release|Any CPU
		{C29A491D-ED25-4A82-858E-99DC89F748E7}.Release|Any CPU.Build.0 = Release|Any CPU
	EndGlobalSection
	GlobalSection(SolutionProperties) = preSolution
		HideSolutionNode = FALSE
	EndGlobalSection
	GlobalSection(ExtensibilityGlobals) = postSolution
		SolutionGuid = {50CC7CF6-078B-422E-A176-14816E5835FA}
	EndGlobalSection
EndGlobal
